
Microsoft Visual Studio Solution File, Format Version 12.00
# Visual Studio 14
VisualStudioVersion = 14.0.23107.0
MinimumVisualStudioVersion = 10.0.40219.1
Project("{FAE04EC0-301F-11D3-BF4B-00C04F79EFBC}") = "Mp4HeaderFix", "Mp4HeaderFix\Mp4HeaderFix.csproj", "{4FA26E56-40AE-454C-BD8A-256D7A421191}"
EndProject
Project("{FAE04EC0-301F-11D3-BF4B-00C04F79EFBC}") = "Mp4HeaderFixTests", "Mp4HeaderFixTests\Mp4HeaderFixTests.csproj", "{CFA7B8FB-D7C8-40FE-8BB8-C68AE180B97D}"
EndProject
Project("{FAE04EC0-301F-11D3-BF4B-00C04F79EFBC}") = "Mp4HeaderFixGui", "Mp4HeaderFixGui\Mp4HeaderFixGui.csproj", "{6D80232E-1CC4-46BB-B96D-C54947A8991B}"
EndProject
Global
	GlobalSection(SolutionConfigurationPlatforms) = preSolution
		Debug|Any CPU = Debug|Any CPU
		Release|Any CPU = Release|Any CPU
	EndGlobalSection
	GlobalSection(ProjectConfigurationPlatforms) = postSolution
		{4FA26E56-40AE-454C-BD8A-256D7A421191}.Debug|Any CPU.ActiveCfg = Debug|Any CPU
		{4FA26E56-40AE-454C-BD8A-256D7A421191}.Debug|Any CPU.Build.0 = Debug|Any CPU
		{4FA26E56-40AE-454C-BD8A-256D7A421191}.Release|Any CPU.ActiveCfg = Release|Any CPU
		{4FA26E56-40AE-454C-BD8A-256D7A421191}.Release|Any CPU.Build.0 = Release|Any CPU
		{CFA7B8FB-D7C8-40FE-8BB8-C68AE180B97D}.Debug|Any CPU.ActiveCfg = Debug|Any CPU
		{CFA7B8FB-D7C8-40FE-8BB8-C68AE180B97D}.Debug|Any CPU.Build.0 = Debug|Any CPU
		{CFA7B8FB-D7C8-40FE-8BB8-C68AE180B97D}.Release|Any CPU.ActiveCfg = Release|Any CPU
		{CFA7B8FB-D7C8-40FE-8BB8-C68AE180B97D}.Release|Any CPU.Build.0 = Release|Any CPU
		{6D80232E-1CC4-46BB-B96D-C54947A8991B}.Debug|Any CPU.ActiveCfg = Debug|Any CPU
		{6D80232E-1CC4-46BB-B96D-C54947A8991B}.Debug|Any CPU.Build.0 = Debug|Any CPU
		{6D80232E-1CC4-46BB-B96D-C54947A8991B}.Release|Any CPU.ActiveCfg = Release|Any CPU
		{6D80232E-1CC4-46BB-B96D-C54947A8991B}.Release|Any CPU.Build.0 = Release|Any CPU
	EndGlobalSection
	GlobalSection(SolutionProperties) = preSolution
		HideSolutionNode = FALSE
	EndGlobalSection
EndGlobal
